
Microsoft Visual Studio Solution File, Format Version 11.00
# Visual Studio 2010
Project("{FAE04EC0-301F-11D3-BF4B-00C04F79EFBC}") = "Snacks", "Snacks\Snacks.csproj", "{BBB7FAC4-04FD-47D9-9407-47AA5929A326}"
EndProject
Global
	GlobalSection(SolutionConfigurationPlatforms) = preSolution
		Debug|Any CPU = Debug|Any CPU
		Release|Any CPU = Release|Any CPU
	EndGlobalSection
	GlobalSection(ProjectConfigurationPlatforms) = postSolution
		{BBB7FAC4-04FD-47D9-9407-47AA5929A326}.Debug|Any CPU.ActiveCfg = Debug|Any CPU
		{BBB7FAC4-04FD-47D9-9407-47AA5929A326}.Debug|Any CPU.Build.0 = Debug|Any CPU
		{BBB7FAC4-04FD-47D9-9407-47AA5929A326}.Release|Any CPU.ActiveCfg = Release|Any CPU
		{BBB7FAC4-04FD-47D9-9407-47AA5929A326}.Release|Any CPU.Build.0 = Release|Any CPU
	EndGlobalSection
	GlobalSection(SolutionProperties) = preSolution
		HideSolutionNode = FALSE
	EndGlobalSection
EndGlobal
